
Microsoft Visual Studio Solution File, Format Version 12.00
# Visual Studio Version 17
VisualStudioVersion = 17.5.33516.290
MinimumVisualStudioVersion = 10.0.40219.1
Project("{9A19103F-16F7-4668-BE54-9A1E7A4F7556}") = "HAXEMJ_HFT_2022231.Models", "HAXEMJ_HFT_2022231.Models\HAXEMJ_HFT_2022231.Models.csproj", "{C02044A1-085C-4F84-B848-AD02DCAD51F7}"
EndProject
Project("{9A19103F-16F7-4668-BE54-9A1E7A4F7556}") = "HAXEMJ_HFT_2022231.Logic", "HAXEMJ_HFT_2022231.Logic\HAXEMJ_HFT_2022231.Logic.csproj", "{9FD3C1F8-B637-4095-A783-88A75C2F1FCC}"
EndProject
Project("{9A19103F-16F7-4668-BE54-9A1E7A4F7556}") = "HAXEMJ_HFT_2022231.Repository", "HAXEMJ_HFT_2022231.Repository\HAXEMJ_HFT_2022231.Repository.csproj", "{AB5782EC-7CB7-445F-BBCE-C67D0BACD14F}"
EndProject
Project("{9A19103F-16F7-4668-BE54-9A1E7A4F7556}") = "HAXEMJ_HFT_2022231.Test", "HAXEMJ_HFT_2022231.Test\HAXEMJ_HFT_2022231.Test.csproj", "{51A83AE5-9C5B-4138-A0AE-DB4D3AB52AA4}"
EndProject
Project("{2150E333-8FDC-42A3-9474-1A3956D46DE8}") = "Backend", "Backend", "{AF968C05-BEC0-4A34-AD3F-0B19B8045D6A}"
EndProject
Project("{2150E333-8FDC-42A3-9474-1A3956D46DE8}") = "Frontend", "Frontend", "{54D275CF-27F8-486B-A797-467B38953FA0}"
EndProject
Project("{2150E333-8FDC-42A3-9474-1A3956D46DE8}") = "Shared", "Shared", "{75633C8D-16E6-4581-940A-780C004A9CDC}"
EndProject
Project("{9A19103F-16F7-4668-BE54-9A1E7A4F7556}") = "HAXEMJ_HFT_2022231.Client", "HAXEMJ_HFT_2022231.Client\HAXEMJ_HFT_2022231.Client.csproj", "{A87903BD-0E54-4A16-B370-389052C7E4B6}"
EndProject
Project("{9A19103F-16F7-4668-BE54-9A1E7A4F7556}") = "HAXEMJ_HFT_2022231.Endpoint", "HAXEMJ_HFT_2022231.Endpoint\HAXEMJ_HFT_2022231.Endpoint.csproj", "{B34A4EB7-4F9B-439F-AF60-3D9EA19F1D7E}"
EndProject
Project("{FAE04EC0-301F-11D3-BF4B-00C04F79EFBC}") = "HAXEMJ_SZTGUI2022232.WpfClient", "HAXEMJ_SZTGUI2022232.WpfClient\HAXEMJ_SZTGUI2022232.WpfClient.csproj", "{C193EC4B-BBB6-46FF-A38D-31512D1D0DDE}"
EndProject
Global
	GlobalSection(SolutionConfigurationPlatforms) = preSolution
		Debug|Any CPU = Debug|Any CPU
		Release|Any CPU = Release|Any CPU
	EndGlobalSection
	GlobalSection(ProjectConfigurationPlatforms) = postSolution
		{C02044A1-085C-4F84-B848-AD02DCAD51F7}.Debug|Any CPU.ActiveCfg = Debug|Any CPU
		{C02044A1-085C-4F84-B848-AD02DCAD51F7}.Debug|Any CPU.Build.0 = Debug|Any CPU
		{C02044A1-085C-4F84-B848-AD02DCAD51F7}.Release|Any CPU.ActiveCfg = Release|Any CPU
		{C02044A1-085C-4F84-B848-AD02DCAD51F7}.Release|Any CPU.Build.0 = Release|Any CPU
		{9FD3C1F8-B637-4095-A783-88A75C2F1FCC}.Debug|Any CPU.ActiveCfg = Debug|Any CPU
		{9FD3C1F8-B637-4095-A783-88A75C2F1FCC}.Debug|Any CPU.Build.0 = Debug|Any CPU
		{9FD3C1F8-B637-4095-A783-88A75C2F1FCC}.Release|Any CPU.ActiveCfg = Release|Any CPU
		{9FD3C1F8-B637-4095-A783-88A75C2F1FCC}.Release|Any CPU.Build.0 = Release|Any CPU
		{AB5782EC-7CB7-445F-BBCE-C67D0BACD14F}.Debug|Any CPU.ActiveCfg = Debug|Any CPU
		{AB5782EC-7CB7-445F-BBCE-C67D0BACD14F}.Debug|Any CPU.Build.0 = Debug|Any CPU
		{AB5782EC-7CB7-445F-BBCE-C67D0BACD14F}.Release|Any CPU.ActiveCfg = Release|Any CPU
		{AB5782EC-7CB7-445F-BBCE-C67D0BACD14F}.Release|Any CPU.Build.0 = Release|Any CPU
		{51A83AE5-9C5B-4138-A0AE-DB4D3AB52AA4}.Debug|Any CPU.ActiveCfg = Debug|Any CPU
		{51A83AE5-9C5B-4138-A0AE-DB4D3AB52AA4}.Debug|Any CPU.Build.0 = Debug|Any CPU
		{51A83AE5-9C5B-4138-A0AE-DB4D3AB52AA4}.Release|Any CPU.ActiveCfg = Release|Any CPU
		{51A83AE5-9C5B-4138-A0AE-DB4D3AB52AA4}.Release|Any CPU.Build.0 = Release|Any CPU
		{A87903BD-0E54-4A16-B370-389052C7E4B6}.Debug|Any CPU.ActiveCfg = Debug|Any CPU
		{A87903BD-0E54-4A16-B370-389052C7E4B6}.Debug|Any CPU.Build.0 = Debug|Any CPU
		{A87903BD-0E54-4A16-B370-389052C7E4B6}.Release|Any CPU.ActiveCfg = Release|Any CPU
		{A87903BD-0E54-4A16-B370-389052C7E4B6}.Release|Any CPU.Build.0 = Release|Any CPU
		{B34A4EB7-4F9B-439F-AF60-3D9EA19F1D7E}.Debug|Any CPU.ActiveCfg = Debug|Any CPU
		{B34A4EB7-4F9B-439F-AF60-3D9EA19F1D7E}.Debug|Any CPU.Build.0 = Debug|Any CPU
		{B34A4EB7-4F9B-439F-AF60-3D9EA19F1D7E}.Release|Any CPU.ActiveCfg = Release|Any CPU
		{B34A4EB7-4F9B-439F-AF60-3D9EA19F1D7E}.Release|Any CPU.Build.0 = Release|Any CPU
		{C193EC4B-BBB6-46FF-A38D-31512D1D0DDE}.Debug|Any CPU.ActiveCfg = Debug|Any CPU
		{C193EC4B-BBB6-46FF-A38D-31512D1D0DDE}.Debug|Any CPU.Build.0 = Debug|Any CPU
		{C193EC4B-BBB6-46FF-A38D-31512D1D0DDE}.Release|Any CPU.ActiveCfg = Release|Any CPU
		{C193EC4B-BBB6-46FF-A38D-31512D1D0DDE}.Release|Any CPU.Build.0 = Release|Any CPU
	EndGlobalSection
	GlobalSection(SolutionProperties) = preSolution
		HideSolutionNode = FALSE
	EndGlobalSection
	GlobalSection(NestedProjects) = preSolution
		{C02044A1-085C-4F84-B848-AD02DCAD51F7} = {75633C8D-16E6-4581-940A-780C004A9CDC}
		{9FD3C1F8-B637-4095-A783-88A75C2F1FCC} = {AF968C05-BEC0-4A34-AD3F-0B19B8045D6A}
		{AB5782EC-7CB7-445F-BBCE-C67D0BACD14F} = {AF968C05-BEC0-4A34-AD3F-0B19B8045D6A}
		{51A83AE5-9C5B-4138-A0AE-DB4D3AB52AA4} = {AF968C05-BEC0-4A34-AD3F-0B19B8045D6A}
		{A87903BD-0E54-4A16-B370-389052C7E4B6} = {54D275CF-27F8-486B-A797-467B38953FA0}
		{B34A4EB7-4F9B-439F-AF60-3D9EA19F1D7E} = {AF968C05-BEC0-4A34-AD3F-0B19B8045D6A}
		{C193EC4B-BBB6-46FF-A38D-31512D1D0DDE} = {54D275CF-27F8-486B-A797-467B38953FA0}
	EndGlobalSection
	GlobalSection(ExtensibilityGlobals) = postSolution
		SolutionGuid = {218C6089-4A05-4165-A94C-15C61ACAD1C5}
	EndGlobalSection
EndGlobal
