
Microsoft Visual Studio Solution File, Format Version 12.00
# Visual Studio Version 16
VisualStudioVersion = 25.0.1703.8
MinimumVisualStudioVersion = 10.0.40219.1
Project("{FAE04EC0-301F-11D3-BF4B-00C04F79EFBC}") = "HAXEMJ_HFT_2022231.Client", "HAXEMJ_HFT_2022231.Client.csproj", "{C17CA095-536F-4B25-9208-5BAA723F7E53}"
EndProject
Global
	GlobalSection(SolutionConfigurationPlatforms) = preSolution
		Debug|Any CPU = Debug|Any CPU
		Release|Any CPU = Release|Any CPU
	EndGlobalSection
	GlobalSection(ProjectConfigurationPlatforms) = postSolution
		{C17CA095-536F-4B25-9208-5BAA723F7E53}.Debug|Any CPU.ActiveCfg = Debug|Any CPU
		{C17CA095-536F-4B25-9208-5BAA723F7E53}.Debug|Any CPU.Build.0 = Debug|Any CPU
		{C17CA095-536F-4B25-9208-5BAA723F7E53}.Release|Any CPU.ActiveCfg = Release|Any CPU
		{C17CA095-536F-4B25-9208-5BAA723F7E53}.Release|Any CPU.Build.0 = Release|Any CPU
	EndGlobalSection
	GlobalSection(SolutionProperties) = preSolution
		HideSolutionNode = FALSE
	EndGlobalSection
	GlobalSection(ExtensibilityGlobals) = postSolution
		SolutionGuid = {EFD01890-B35D-4889-A2B9-D76385572FA4}
	EndGlobalSection
EndGlobal
